
Microsoft Visual Studio Solution File, Format Version 12.00
# Visual Studio Version 17
VisualStudioVersion = 17.0.31919.166
MinimumVisualStudioVersion = 10.0.40219.1
Project("{9A19103F-16F7-4668-BE54-9A1E7A4F7556}") = "MoviesAPI", "MoviesAPI\MoviesAPI.csproj", "{7032D252-BA64-453C-BB1D-3F8480C588D6}"
EndProject
Project("{9A19103F-16F7-4668-BE54-9A1E7A4F7556}") = "AppModels", "AppModels\AppModels.csproj", "{77F5DA51-478C-4A2F-B4BB-9981F6501C52}"
EndProject
Project("{9A19103F-16F7-4668-BE54-9A1E7A4F7556}") = "MoviesApp", "MoviesApp\MoviesApp.csproj", "{F4B3BA50-B708-48C6-9E75-4F27C9A6AF24}"
	ProjectSection(ProjectDependencies) = postProject
		{77F5DA51-478C-4A2F-B4BB-9981F6501C52} = {77F5DA51-478C-4A2F-B4BB-9981F6501C52}
	EndProjectSection
EndProject
Global
	GlobalSection(SolutionConfigurationPlatforms) = preSolution
		Debug|Any CPU = Debug|Any CPU
		Release|Any CPU = Release|Any CPU
	EndGlobalSection
	GlobalSection(ProjectConfigurationPlatforms) = postSolution
		{7032D252-BA64-453C-BB1D-3F8480C588D6}.Debug|Any CPU.ActiveCfg = Debug|Any CPU
		{7032D252-BA64-453C-BB1D-3F8480C588D6}.Debug|Any CPU.Build.0 = Debug|Any CPU
		{7032D252-BA64-453C-BB1D-3F8480C588D6}.Release|Any CPU.ActiveCfg = Release|Any CPU
		{7032D252-BA64-453C-BB1D-3F8480C588D6}.Release|Any CPU.Build.0 = Release|Any CPU
		{77F5DA51-478C-4A2F-B4BB-9981F6501C52}.Debug|Any CPU.ActiveCfg = Debug|Any CPU
		{77F5DA51-478C-4A2F-B4BB-9981F6501C52}.Debug|Any CPU.Build.0 = Debug|Any CPU
		{77F5DA51-478C-4A2F-B4BB-9981F6501C52}.Release|Any CPU.ActiveCfg = Release|Any CPU
		{77F5DA51-478C-4A2F-B4BB-9981F6501C52}.Release|Any CPU.Build.0 = Release|Any CPU
		{F4B3BA50-B708-48C6-9E75-4F27C9A6AF24}.Debug|Any CPU.ActiveCfg = Debug|Any CPU
		{F4B3BA50-B708-48C6-9E75-4F27C9A6AF24}.Debug|Any CPU.Build.0 = Debug|Any CPU
		{F4B3BA50-B708-48C6-9E75-4F27C9A6AF24}.Release|Any CPU.ActiveCfg = Release|Any CPU
		{F4B3BA50-B708-48C6-9E75-4F27C9A6AF24}.Release|Any CPU.Build.0 = Release|Any CPU
	EndGlobalSection
	GlobalSection(SolutionProperties) = preSolution
		HideSolutionNode = FALSE
	EndGlobalSection
	GlobalSection(ExtensibilityGlobals) = postSolution
		SolutionGuid = {29BF271F-E94A-41A9-A5E7-5B702AC85243}
	EndGlobalSection
EndGlobal
